
Microsoft Visual Studio Solution File, Format Version 12.00
# Visual Studio Version 17
VisualStudioVersion = 17.0.31903.59
MinimumVisualStudioVersion = 10.0.40219.1
Project("{9A19103F-16F7-4668-BE54-9A1E7A4F7556}") = "StoreApp", "StoreApp\StoreApp.csproj", "{442B4DED-215A-4538-A1DB-394D375AF05D}"
EndProject
Project("{9A19103F-16F7-4668-BE54-9A1E7A4F7556}") = "Entities", "Entities\Entities.csproj", "{678BE20E-39B0-48E6-BF99-9BFCFDC11628}"
EndProject
Project("{9A19103F-16F7-4668-BE54-9A1E7A4F7556}") = "Repositories", "Repositories\Repositories.csproj", "{AB6CB874-2A2C-4F23-97FF-89A9A5F66A7F}"
EndProject
Project("{9A19103F-16F7-4668-BE54-9A1E7A4F7556}") = "Services", "Services\Services.csproj", "{5C35A9F9-10B0-40C0-A48A-E50DCAC6EDF4}"
EndProject
Project("{9A19103F-16F7-4668-BE54-9A1E7A4F7556}") = "Presentation", "Presentation\Presentation.csproj", "{615192A0-0C07-4C67-983E-2A5006EC035C}"
EndProject
Global
	GlobalSection(SolutionConfigurationPlatforms) = preSolution
		Debug|Any CPU = Debug|Any CPU
		Release|Any CPU = Release|Any CPU
	EndGlobalSection
	GlobalSection(ProjectConfigurationPlatforms) = postSolution
		{442B4DED-215A-4538-A1DB-394D375AF05D}.Debug|Any CPU.ActiveCfg = Debug|Any CPU
		{442B4DED-215A-4538-A1DB-394D375AF05D}.Debug|Any CPU.Build.0 = Debug|Any CPU
		{442B4DED-215A-4538-A1DB-394D375AF05D}.Release|Any CPU.ActiveCfg = Release|Any CPU
		{442B4DED-215A-4538-A1DB-394D375AF05D}.Release|Any CPU.Build.0 = Release|Any CPU
		{678BE20E-39B0-48E6-BF99-9BFCFDC11628}.Debug|Any CPU.ActiveCfg = Debug|Any CPU
		{678BE20E-39B0-48E6-BF99-9BFCFDC11628}.Debug|Any CPU.Build.0 = Debug|Any CPU
		{678BE20E-39B0-48E6-BF99-9BFCFDC11628}.Release|Any CPU.ActiveCfg = Release|Any CPU
		{678BE20E-39B0-48E6-BF99-9BFCFDC11628}.Release|Any CPU.Build.0 = Release|Any CPU
		{AB6CB874-2A2C-4F23-97FF-89A9A5F66A7F}.Debug|Any CPU.ActiveCfg = Debug|Any CPU
		{AB6CB874-2A2C-4F23-97FF-89A9A5F66A7F}.Debug|Any CPU.Build.0 = Debug|Any CPU
		{AB6CB874-2A2C-4F23-97FF-89A9A5F66A7F}.Release|Any CPU.ActiveCfg = Release|Any CPU
		{AB6CB874-2A2C-4F23-97FF-89A9A5F66A7F}.Release|Any CPU.Build.0 = Release|Any CPU
		{5C35A9F9-10B0-40C0-A48A-E50DCAC6EDF4}.Debug|Any CPU.ActiveCfg = Debug|Any CPU
		{5C35A9F9-10B0-40C0-A48A-E50DCAC6EDF4}.Debug|Any CPU.Build.0 = Debug|Any CPU
		{5C35A9F9-10B0-40C0-A48A-E50DCAC6EDF4}.Release|Any CPU.ActiveCfg = Release|Any CPU
		{5C35A9F9-10B0-40C0-A48A-E50DCAC6EDF4}.Release|Any CPU.Build.0 = Release|Any CPU
		{615192A0-0C07-4C67-983E-2A5006EC035C}.Debug|Any CPU.ActiveCfg = Debug|Any CPU
		{615192A0-0C07-4C67-983E-2A5006EC035C}.Debug|Any CPU.Build.0 = Debug|Any CPU
		{615192A0-0C07-4C67-983E-2A5006EC035C}.Release|Any CPU.ActiveCfg = Release|Any CPU
		{615192A0-0C07-4C67-983E-2A5006EC035C}.Release|Any CPU.Build.0 = Release|Any CPU
	EndGlobalSection
	GlobalSection(SolutionProperties) = preSolution
		HideSolutionNode = FALSE
	EndGlobalSection
	GlobalSection(ExtensibilityGlobals) = postSolution
		SolutionGuid = {30046B94-C070-4CBB-96C0-FB63B3B45957}
	EndGlobalSection
EndGlobal
